
Microsoft Visual Studio Solution File, Format Version 12.00
# Visual Studio 15
VisualStudioVersion = 15.0.28307.1169
MinimumVisualStudioVersion = 10.0.40219.1
Project("{FAE04EC0-301F-11D3-BF4B-00C04F79EFBC}") = "InventoryManagementPOC", "InventoryManagementPOC\InventoryManagementPOC.csproj", "{CFE1A90B-416D-4F84-B887-8C6865404109}"
EndProject
Project("{FAE04EC0-301F-11D3-BF4B-00C04F79EFBC}") = "DALayer", "DALayer\DALayer.csproj", "{77B0A4A6-76DD-4AE1-8A8D-0E33CF9E47C9}"
EndProject
Global
	GlobalSection(SolutionConfigurationPlatforms) = preSolution
		Debug|Any CPU = Debug|Any CPU
		Release|Any CPU = Release|Any CPU
	EndGlobalSection
	GlobalSection(ProjectConfigurationPlatforms) = postSolution
		{CFE1A90B-416D-4F84-B887-8C6865404109}.Debug|Any CPU.ActiveCfg = Debug|Any CPU
		{CFE1A90B-416D-4F84-B887-8C6865404109}.Debug|Any CPU.Build.0 = Debug|Any CPU
		{CFE1A90B-416D-4F84-B887-8C6865404109}.Release|Any CPU.ActiveCfg = Release|Any CPU
		{CFE1A90B-416D-4F84-B887-8C6865404109}.Release|Any CPU.Build.0 = Release|Any CPU
		{77B0A4A6-76DD-4AE1-8A8D-0E33CF9E47C9}.Debug|Any CPU.ActiveCfg = Debug|Any CPU
		{77B0A4A6-76DD-4AE1-8A8D-0E33CF9E47C9}.Debug|Any CPU.Build.0 = Debug|Any CPU
		{77B0A4A6-76DD-4AE1-8A8D-0E33CF9E47C9}.Release|Any CPU.ActiveCfg = Release|Any CPU
		{77B0A4A6-76DD-4AE1-8A8D-0E33CF9E47C9}.Release|Any CPU.Build.0 = Release|Any CPU
	EndGlobalSection
	GlobalSection(SolutionProperties) = preSolution
		HideSolutionNode = FALSE
	EndGlobalSection
	GlobalSection(ExtensibilityGlobals) = postSolution
		SolutionGuid = {200C81DB-4F69-491B-B350-6BA4A56BF43E}
	EndGlobalSection
EndGlobal
